
Microsoft Visual Studio Solution File, Format Version 12.00
# Visual Studio 14
VisualStudioVersion = 14.0.23107.0
MinimumVisualStudioVersion = 10.0.40219.1
Project("{FAE04EC0-301F-11D3-BF4B-00C04F79EFBC}") = "DeepMiningInc.App", "DeepMiningInc.App\DeepMiningInc.App.csproj", "{98D71AA8-443D-44C9-90CF-7CB67FD1C650}"
EndProject
Project("{FAE04EC0-301F-11D3-BF4B-00C04F79EFBC}") = "DeepMiningInc.Models", "DeepMiningInc.Models\DeepMiningInc.Models.csproj", "{604947E6-F3E1-4AA4-BE8B-528427651064}"
EndProject
Project("{FAE04EC0-301F-11D3-BF4B-00C04F79EFBC}") = "DeepMiningInc.Rendering", "DeepMiningInc.Rendering\DeepMiningInc.Rendering.csproj", "{583748FB-36A9-41A4-9832-7DE0204813C2}"
EndProject
Project("{FAE04EC0-301F-11D3-BF4B-00C04F79EFBC}") = "DeepMiningInc.Sdk", "DeepMiningInc.Sdk\DeepMiningInc.Sdk.csproj", "{053D78E5-3102-454C-B6F2-A61283B449D9}"
EndProject
Project("{FAE04EC0-301F-11D3-BF4B-00C04F79EFBC}") = "DeepMiningInc.Shared", "DeepMiningInc.Shared\DeepMiningInc.Shared.csproj", "{0C527560-3D39-4332-9232-28A57678098B}"
EndProject
Global
	GlobalSection(SolutionConfigurationPlatforms) = preSolution
		Debug|Any CPU = Debug|Any CPU
		Debug|ARM = Debug|ARM
		Debug|x64 = Debug|x64
		Debug|x86 = Debug|x86
		Release|Any CPU = Release|Any CPU
		Release|ARM = Release|ARM
		Release|x64 = Release|x64
		Release|x86 = Release|x86
	EndGlobalSection
	GlobalSection(ProjectConfigurationPlatforms) = postSolution
		{98D71AA8-443D-44C9-90CF-7CB67FD1C650}.Debug|Any CPU.ActiveCfg = Debug|x86
		{98D71AA8-443D-44C9-90CF-7CB67FD1C650}.Debug|Any CPU.Build.0 = Debug|x86
		{98D71AA8-443D-44C9-90CF-7CB67FD1C650}.Debug|Any CPU.Deploy.0 = Debug|x86
		{98D71AA8-443D-44C9-90CF-7CB67FD1C650}.Debug|ARM.ActiveCfg = Debug|ARM
		{98D71AA8-443D-44C9-90CF-7CB67FD1C650}.Debug|ARM.Build.0 = Debug|ARM
		{98D71AA8-443D-44C9-90CF-7CB67FD1C650}.Debug|ARM.Deploy.0 = Debug|ARM
		{98D71AA8-443D-44C9-90CF-7CB67FD1C650}.Debug|x64.ActiveCfg = Debug|x64
		{98D71AA8-443D-44C9-90CF-7CB67FD1C650}.Debug|x64.Build.0 = Debug|x64
		{98D71AA8-443D-44C9-90CF-7CB67FD1C650}.Debug|x64.Deploy.0 = Debug|x64
		{98D71AA8-443D-44C9-90CF-7CB67FD1C650}.Debug|x86.ActiveCfg = Debug|x86
		{98D71AA8-443D-44C9-90CF-7CB67FD1C650}.Debug|x86.Build.0 = Debug|x86
		{98D71AA8-443D-44C9-90CF-7CB67FD1C650}.Debug|x86.Deploy.0 = Debug|x86
		{98D71AA8-443D-44C9-90CF-7CB67FD1C650}.Release|Any CPU.ActiveCfg = Release|x86
		{98D71AA8-443D-44C9-90CF-7CB67FD1C650}.Release|ARM.ActiveCfg = Release|ARM
		{98D71AA8-443D-44C9-90CF-7CB67FD1C650}.Release|ARM.Build.0 = Release|ARM
		{98D71AA8-443D-44C9-90CF-7CB67FD1C650}.Release|ARM.Deploy.0 = Release|ARM
		{98D71AA8-443D-44C9-90CF-7CB67FD1C650}.Release|x64.ActiveCfg = Release|x64
		{98D71AA8-443D-44C9-90CF-7CB67FD1C650}.Release|x64.Build.0 = Release|x64
		{98D71AA8-443D-44C9-90CF-7CB67FD1C650}.Release|x64.Deploy.0 = Release|x64
		{98D71AA8-443D-44C9-90CF-7CB67FD1C650}.Release|x86.ActiveCfg = Release|x86
		{98D71AA8-443D-44C9-90CF-7CB67FD1C650}.Release|x86.Build.0 = Release|x86
		{98D71AA8-443D-44C9-90CF-7CB67FD1C650}.Release|x86.Deploy.0 = Release|x86
		{604947E6-F3E1-4AA4-BE8B-528427651064}.Debug|Any CPU.ActiveCfg = Debug|Any CPU
		{604947E6-F3E1-4AA4-BE8B-528427651064}.Debug|Any CPU.Build.0 = Debug|Any CPU
		{604947E6-F3E1-4AA4-BE8B-528427651064}.Debug|ARM.ActiveCfg = Debug|ARM
		{604947E6-F3E1-4AA4-BE8B-528427651064}.Debug|ARM.Build.0 = Debug|ARM
		{604947E6-F3E1-4AA4-BE8B-528427651064}.Debug|x64.ActiveCfg = Debug|x64
		{604947E6-F3E1-4AA4-BE8B-528427651064}.Debug|x64.Build.0 = Debug|x64
		{604947E6-F3E1-4AA4-BE8B-528427651064}.Debug|x86.ActiveCfg = Debug|x86
		{604947E6-F3E1-4AA4-BE8B-528427651064}.Debug|x86.Build.0 = Debug|x86
		{604947E6-F3E1-4AA4-BE8B-528427651064}.Release|Any CPU.ActiveCfg = Release|Any CPU
		{604947E6-F3E1-4AA4-BE8B-528427651064}.Release|Any CPU.Build.0 = Release|Any CPU
		{604947E6-F3E1-4AA4-BE8B-528427651064}.Release|ARM.ActiveCfg = Release|ARM
		{604947E6-F3E1-4AA4-BE8B-528427651064}.Release|ARM.Build.0 = Release|ARM
		{604947E6-F3E1-4AA4-BE8B-528427651064}.Release|x64.ActiveCfg = Release|x64
		{604947E6-F3E1-4AA4-BE8B-528427651064}.Release|x64.Build.0 = Release|x64
		{604947E6-F3E1-4AA4-BE8B-528427651064}.Release|x86.ActiveCfg = Release|x86
		{604947E6-F3E1-4AA4-BE8B-528427651064}.Release|x86.Build.0 = Release|x86
		{583748FB-36A9-41A4-9832-7DE0204813C2}.Debug|Any CPU.ActiveCfg = Debug|Any CPU
		{583748FB-36A9-41A4-9832-7DE0204813C2}.Debug|Any CPU.Build.0 = Debug|Any CPU
		{583748FB-36A9-41A4-9832-7DE0204813C2}.Debug|ARM.ActiveCfg = Debug|ARM
		{583748FB-36A9-41A4-9832-7DE0204813C2}.Debug|ARM.Build.0 = Debug|ARM
		{583748FB-36A9-41A4-9832-7DE0204813C2}.Debug|x64.ActiveCfg = Debug|x64
		{583748FB-36A9-41A4-9832-7DE0204813C2}.Debug|x64.Build.0 = Debug|x64
		{583748FB-36A9-41A4-9832-7DE0204813C2}.Debug|x86.ActiveCfg = Debug|x86
		{583748FB-36A9-41A4-9832-7DE0204813C2}.Debug|x86.Build.0 = Debug|x86
		{583748FB-36A9-41A4-9832-7DE0204813C2}.Release|Any CPU.ActiveCfg = Release|Any CPU
		{583748FB-36A9-41A4-9832-7DE0204813C2}.Release|Any CPU.Build.0 = Release|Any CPU
		{583748FB-36A9-41A4-9832-7DE0204813C2}.Release|ARM.ActiveCfg = Release|ARM
		{583748FB-36A9-41A4-9832-7DE0204813C2}.Release|ARM.Build.0 = Release|ARM
		{583748FB-36A9-41A4-9832-7DE0204813C2}.Release|x64.ActiveCfg = Release|x64
		{583748FB-36A9-41A4-9832-7DE0204813C2}.Release|x64.Build.0 = Release|x64
		{583748FB-36A9-41A4-9832-7DE0204813C2}.Release|x86.ActiveCfg = Release|x86
		{583748FB-36A9-41A4-9832-7DE0204813C2}.Release|x86.Build.0 = Release|x86
		{053D78E5-3102-454C-B6F2-A61283B449D9}.Debug|Any CPU.ActiveCfg = Debug|Any CPU
		{053D78E5-3102-454C-B6F2-A61283B449D9}.Debug|Any CPU.Build.0 = Debug|Any CPU
		{053D78E5-3102-454C-B6F2-A61283B449D9}.Debug|ARM.ActiveCfg = Debug|ARM
		{053D78E5-3102-454C-B6F2-A61283B449D9}.Debug|ARM.Build.0 = Debug|ARM
		{053D78E5-3102-454C-B6F2-A61283B449D9}.Debug|x64.ActiveCfg = Debug|x64
		{053D78E5-3102-454C-B6F2-A61283B449D9}.Debug|x64.Build.0 = Debug|x64
		{053D78E5-3102-454C-B6F2-A61283B449D9}.Debug|x86.ActiveCfg = Debug|x86
		{053D78E5-3102-454C-B6F2-A61283B449D9}.Debug|x86.Build.0 = Debug|x86
		{053D78E5-3102-454C-B6F2-A61283B449D9}.Release|Any CPU.ActiveCfg = Release|Any CPU
		{053D78E5-3102-454C-B6F2-A61283B449D9}.Release|Any CPU.Build.0 = Release|Any CPU
		{053D78E5-3102-454C-B6F2-A61283B449D9}.Release|ARM.ActiveCfg = Release|ARM
		{053D78E5-3102-454C-B6F2-A61283B449D9}.Release|ARM.Build.0 = Release|ARM
		{053D78E5-3102-454C-B6F2-A61283B449D9}.Release|x64.ActiveCfg = Release|x64
		{053D78E5-3102-454C-B6F2-A61283B449D9}.Release|x64.Build.0 = Release|x64
		{053D78E5-3102-454C-B6F2-A61283B449D9}.Release|x86.ActiveCfg = Release|x86
		{053D78E5-3102-454C-B6F2-A61283B449D9}.Release|x86.Build.0 = Release|x86
		{0C527560-3D39-4332-9232-28A57678098B}.Debug|Any CPU.ActiveCfg = Debug|Any CPU
		{0C527560-3D39-4332-9232-28A57678098B}.Debug|Any CPU.Build.0 = Debug|Any CPU
		{0C527560-3D39-4332-9232-28A57678098B}.Debug|ARM.ActiveCfg = Debug|ARM
		{0C527560-3D39-4332-9232-28A57678098B}.Debug|ARM.Build.0 = Debug|ARM
		{0C527560-3D39-4332-9232-28A57678098B}.Debug|x64.ActiveCfg = Debug|x64
		{0C527560-3D39-4332-9232-28A57678098B}.Debug|x64.Build.0 = Debug|x64
		{0C527560-3D39-4332-9232-28A57678098B}.Debug|x86.ActiveCfg = Debug|x86
		{0C527560-3D39-4332-9232-28A57678098B}.Debug|x86.Build.0 = Debug|x86
		{0C527560-3D39-4332-9232-28A57678098B}.Release|Any CPU.ActiveCfg = Release|Any CPU
		{0C527560-3D39-4332-9232-28A57678098B}.Release|Any CPU.Build.0 = Release|Any CPU
		{0C527560-3D39-4332-9232-28A57678098B}.Release|ARM.ActiveCfg = Release|ARM
		{0C527560-3D39-4332-9232-28A57678098B}.Release|ARM.Build.0 = Release|ARM
		{0C527560-3D39-4332-9232-28A57678098B}.Release|x64.ActiveCfg = Release|x64
		{0C527560-3D39-4332-9232-28A57678098B}.Release|x64.Build.0 = Release|x64
		{0C527560-3D39-4332-9232-28A57678098B}.Release|x86.ActiveCfg = Release|x86
		{0C527560-3D39-4332-9232-28A57678098B}.Release|x86.Build.0 = Release|x86
	EndGlobalSection
	GlobalSection(SolutionProperties) = preSolution
		HideSolutionNode = FALSE
	EndGlobalSection
EndGlobal
